{
    "_meta": {
        "hash": {
            "sha256": "3c600d11de56a212d493012b61211fe5d3dafd97e3345a5dec6260d01f457b32"
        },
        "pipfile-spec": 6,
        "requires": {
            "python_version": "3.11"
        },
        "sources": [
            {
                "name": "pypi",
                "url": "https://pypi.org/simple",
                "verify_ssl": true
            }
        ]
    },
    "default": {
        "asgiref": {
            "hashes": [
                "sha256:3e1e3ecc849832fe52ccf2cb6686b7a55f82bb1d6aee72a58826471390335e47",
                "sha256:c343bd80a0bec947a9860adb4c432ffa7db769836c64238fc34bdc3fec84d590"
            ],
            "markers": "python_version >= '3.8'",
            "version": "==3.8.1"
        },
        "beautifulsoup4": {
            "hashes": [
                "sha256:492bbc69dca35d12daac71c4db1bfff0c876c00ef4a2ffacce226d4638eb72da",
                "sha256:bd2520ca0d9d7d12694a53d44ac482d181b4ec1888909b035a3dbf40d0f57d4a"
            ],
            "markers": "python_full_version >= '3.6.0'",
            "version": "==4.12.2"
        },
        "cachetools": {
            "hashes": [
                "sha256:95ef631eeaea14ba2e36f06437f36463aac3a096799e876ee55e5cdccb102590",
                "sha256:dce83f2d9b4e1f732a8cd44af8e8fab2dbe46201467fc98b3ef8f269092bf62b"
            ],
            "markers": "python_version >= '3.7'",
            "version": "==5.3.1"
        },
        "crispy-bootstrap4": {
            "hashes": [
                "sha256:5241ab1dc2188c95560aa786439bcbedec7416e6b0f5a52dded82380810367ec",
                "sha256:f18386c4d96180c1bb1212487d6e8f5a3dd1a9bb58d3032183973d4d130b55f9"
            ],
            "index": "pypi",
            "version": "==2022.1"
        },
        "django": {
            "hashes": [
                "sha256:61ee4a130efb8c451ef3467c67ca99fdce400fedd768634efc86a68c18d80d30",
                "sha256:c77f926b81129493961e19c0e02188f8d07c112a1162df69bfab178ae447f94a"
            ],
            "index": "pypi",
            "markers": "python_version >= '3.8'",
            "version": "==4.2.15"
        },
        "django-bootstrap4": {
            "hashes": [
                "sha256:2c1ad756b44b17093d9b49d8840f5ad8537ec30cb4412834d9bf3c59e0d976ad",
                "sha256:e324f40e2dda69725982cf6b5ac6004f29c55ac492aabd880ed57693d3c4c93c"
            ],
            "index": "pypi",
            "version": "==23.1"
        },
        "django-braces": {
            "hashes": [
                "sha256:28f00b0f98368c9a37f30cce6087fc57127f0a24c5b8b449f9e1245bded6405d",
                "sha256:f451d08ffc1078d81209a2e17f2219bce20196928853c82405451b18a46875e0"
            ],
            "index": "pypi",
            "version": "==1.15.0"
        },
        "django-crispy-forms": {
            "hashes": [
                "sha256:90193b068bf948d9c68449bc8260afed1a8e2afe11ee0bac8c4ebfaeb175b322",
                "sha256:d1d4e585929058a9ab3b797666ea5b69320b9ba7937f9d146d32173246a6fd13"
            ],
            "index": "pypi",
            "version": "==2.0"
        },
        "django-extensions": {
            "hashes": [
                "sha256:44d27919d04e23b3f40231c4ab7af4e61ce832ef46d610cc650d53e68328410a",
                "sha256:9600b7562f79a92cbf1fde6403c04fee314608fefbb595502e34383ae8203401"
            ],
            "index": "pypi",
            "version": "==3.2.3"
        },
        "google-auth": {
            "hashes": [
                "sha256:b28e8048e57727e7cf0e5bd8e7276b212aef476654a09511354aa82753b45c66",
                "sha256:da3f18d074fa0f5a7061d99b9af8cee3aa6189c987af7c1b07d94566b6b11268"
            ],
            "index": "pypi",
            "version": "==2.21.0"
        },
        "joblib": {
            "hashes": [
                "sha256:091138ed78f800342968c523bdde947e7a305b8594b910a0fea2ab83c3c6d385",
                "sha256:e1cee4a79e4af22881164f218d4311f60074197fb707e082e803b61f6d137018"
            ],
            "markers": "python_version >= '3.7'",
            "version": "==1.2.0"
        },
        "numpy": {
            "hashes": [
                "sha256:0ac6edfb35d2a99aaf102b509c8e9319c499ebd4978df4971b94419a116d0790",
                "sha256:26815c6c8498dc49d81faa76d61078c4f9f0859ce7817919021b9eba72b425e3",
                "sha256:4aedd08f15d3045a4e9c648f1e04daca2ab1044256959f1f95aafeeb3d794c16",
                "sha256:4c69fe5f05eea336b7a740e114dec995e2f927003c30702d896892403df6dbf0",
                "sha256:5177310ac2e63d6603f659fadc1e7bab33dd5a8db4e0596df34214eeab0fee3b",
                "sha256:5aa48bebfb41f93043a796128854b84407d4df730d3fb6e5dc36402f5cd594c0",
                "sha256:5b1b90860bf7d8a8c313b372d4f27343a54f415b20fb69dd601b7efe1029c91e",
                "sha256:6c284907e37f5e04d2412950960894b143a648dea3f79290757eb878b91acbd1",
                "sha256:6d183b5c58513f74225c376643234c369468e02947b47942eacbb23c1671f25d",
                "sha256:7412125b4f18aeddca2ecd7219ea2d2708f697943e6f624be41aa5f8a9852cc4",
                "sha256:7cd981ccc0afe49b9883f14761bb57c964df71124dcd155b0cba2b591f0d64b9",
                "sha256:85cdae87d8c136fd4da4dad1e48064d700f63e923d5af6c8c782ac0df8044542",
                "sha256:8aa130c3042052d656751df5e81f6d61edff3e289b5994edcf77f54118a8d9f4",
                "sha256:95367ccd88c07af21b379be1725b5322362bb83679d36691f124a16357390153",
                "sha256:9c7211d7920b97aeca7b3773a6783492b5b93baba39e7c36054f6e749fc7490c",
                "sha256:9e3f2b96e3b63c978bc29daaa3700c028fe3f049ea3031b58aa33fe2a5809d24",
                "sha256:b76aa836a952059d70a2788a2d98cb2a533ccd46222558b6970348939e55fc24",
                "sha256:b792164e539d99d93e4e5e09ae10f8cbe5466de7d759fc155e075237e0c274e4",
                "sha256:c0dc071017bc00abb7d7201bac06fa80333c6314477b3d10b52b58fa6a6e38f6",
                "sha256:cc3fda2b36482891db1060f00f881c77f9423eead4c3579629940a3e12095fe8",
                "sha256:d6b267f349a99d3908b56645eebf340cb58f01bd1e773b4eea1a905b3f0e4208",
                "sha256:d76a84998c51b8b68b40448ddd02bd1081bb33abcdc28beee6cd284fe11036c6",
                "sha256:e559c6afbca484072a98a51b6fa466aae785cfe89b69e8b856c3191bc8872a82",
                "sha256:ecc68f11404930e9c7ecfc937aa423e1e50158317bf67ca91736a9864eae0232",
                "sha256:f1accae9a28dc3cda46a91de86acf69de0d1b5f4edd44a9b0c3ceb8036dfff19"
            ],
            "markers": "python_version >= '3.10'",
            "version": "==1.25.0"
        },
        "pandas": {
            "hashes": [
                "sha256:02755de164da6827764ceb3bbc5f64b35cb12394b1024fdf88704d0fa06e0e2f",
                "sha256:0a1e0576611641acde15c2322228d138258f236d14b749ad9af498ab69089e2d",
                "sha256:1eb09a242184092f424b2edd06eb2b99d06dc07eeddff9929e8667d4ed44e181",
                "sha256:30a89d0fec4263ccbf96f68592fd668939481854d2ff9da709d32a047689393b",
                "sha256:50e451932b3011b61d2961b4185382c92cc8c6ee4658dcd4f320687bb2d000ee",
                "sha256:51a93d422fbb1bd04b67639ba4b5368dffc26923f3ea32a275d2cc450f1d1c86",
                "sha256:598e9020d85a8cdbaa1815eb325a91cfff2bb2b23c1442549b8a3668e36f0f77",
                "sha256:66d00300f188fa5de73f92d5725ced162488f6dc6ad4cecfe4144ca29debe3b8",
                "sha256:69167693cb8f9b3fc060956a5d0a0a8dbfed5f980d9fd2c306fb5b9c855c814c",
                "sha256:6d6d10c2142d11d40d6e6c0a190b1f89f525bcf85564707e31b0a39e3b398e08",
                "sha256:713f2f70abcdade1ddd68fc91577cb090b3544b07ceba78a12f799355a13ee44",
                "sha256:7376e13d28eb16752c398ca1d36ccfe52bf7e887067af9a0474de6331dd948d2",
                "sha256:77550c8909ebc23e56a89f91b40ad01b50c42cfbfab49b3393694a50549295ea",
                "sha256:7b21cb72958fc49ad757685db1919021d99650d7aaba676576c9e88d3889d456",
                "sha256:9ebb9f1c22ddb828e7fd017ea265a59d80461d5a79154b49a4207bd17514d122",
                "sha256:a18e5c72b989ff0f7197707ceddc99828320d0ca22ab50dd1b9e37db45b010c0",
                "sha256:a6b5f14cd24a2ed06e14255ff40fe2ea0cfaef79a8dd68069b7ace74bd6acbba",
                "sha256:b42b120458636a981077cfcfa8568c031b3e8709701315e2bfa866324a83efa8",
                "sha256:c4af689352c4fe3d75b2834933ee9d0ccdbf5d7a8a7264f0ce9524e877820c08",
                "sha256:c7319b6e68de14e6209460f72a8d1ef13c09fb3d3ef6c37c1e65b35d50b5c145",
                "sha256:cf3f0c361a4270185baa89ec7ab92ecaa355fe783791457077473f974f654df5",
                "sha256:dd46bde7309088481b1cf9c58e3f0e204b9ff9e3244f441accd220dd3365ce7c",
                "sha256:dd5476b6c3fe410ee95926873f377b856dbc4e81a9c605a0dc05aaccc6a7c6c6",
                "sha256:e69140bc2d29a8556f55445c15f5794490852af3de0f609a24003ef174528b79",
                "sha256:f908a77cbeef9bbd646bd4b81214cbef9ac3dda4181d5092a4aa9797d1bc7774"
            ],
            "index": "pypi",
            "version": "==2.0.2"
        },
        "piexif": {
            "hashes": [
                "sha256:3bc435d171720150b81b15d27e05e54b8abbde7b4242cddd81ef160d283108b6",
                "sha256:83cb35c606bf3a1ea1a8f0a25cb42cf17e24353fd82e87ae3884e74a302a5f1b"
            ],
            "index": "pypi",
            "version": "==1.1.3"
        },
        "pillow": {
            "hashes": [
                "sha256:048ad577748b9fa4a99a0548c64f2cb8d672d5bf2e643a739ac8faff1164238c",
                "sha256:048eeade4c33fdf7e08da40ef402e748df113fd0b4584e32c4af74fe78baaeb2",
                "sha256:0ba26351b137ca4e0db0342d5d00d2e355eb29372c05afd544ebf47c0956ffeb",
                "sha256:0ea2a783a2bdf2a561808fe4a7a12e9aa3799b701ba305de596bc48b8bdfce9d",
                "sha256:1530e8f3a4b965eb6a7785cf17a426c779333eb62c9a7d1bbcf3ffd5bf77a4aa",
                "sha256:16563993329b79513f59142a6b02055e10514c1a8e86dca8b48a893e33cf91e3",
                "sha256:19aeb96d43902f0a783946a0a87dbdad5c84c936025b8419da0a0cd7724356b1",
                "sha256:1a1d1915db1a4fdb2754b9de292642a39a7fb28f1736699527bb649484fb966a",
                "sha256:1b87bd9d81d179bd8ab871603bd80d8645729939f90b71e62914e816a76fc6bd",
                "sha256:1dfc94946bc60ea375cc39cff0b8da6c7e5f8fcdc1d946beb8da5c216156ddd8",
                "sha256:2034f6759a722da3a3dbd91a81148cf884e91d1b747992ca288ab88c1de15999",
                "sha256:261ddb7ca91fcf71757979534fb4c128448b5b4c55cb6152d280312062f69599",
                "sha256:2ed854e716a89b1afcedea551cd85f2eb2a807613752ab997b9974aaa0d56936",
                "sha256:3102045a10945173d38336f6e71a8dc71bcaeed55c3123ad4af82c52807b9375",
                "sha256:339894035d0ede518b16073bdc2feef4c991ee991a29774b33e515f1d308e08d",
                "sha256:412444afb8c4c7a6cc11a47dade32982439925537e483be7c0ae0cf96c4f6a0b",
                "sha256:4203efca580f0dd6f882ca211f923168548f7ba334c189e9eab1178ab840bf60",
                "sha256:45ebc7b45406febf07fef35d856f0293a92e7417ae7933207e90bf9090b70572",
                "sha256:4b5ec25d8b17217d635f8935dbc1b9aa5907962fae29dff220f2659487891cd3",
                "sha256:4c8e73e99da7db1b4cad7f8d682cf6abad7844da39834c288fbfa394a47bbced",
                "sha256:4e6f7d1c414191c1199f8996d3f2282b9ebea0945693fb67392c75a3a320941f",
                "sha256:4eaa22f0d22b1a7e93ff0a596d57fdede2e550aecffb5a1ef1106aaece48e96b",
                "sha256:50b8eae8f7334ec826d6eeffaeeb00e36b5e24aa0b9df322c247539714c6df19",
                "sha256:50fd3f6b26e3441ae07b7c979309638b72abc1a25da31a81a7fbd9495713ef4f",
                "sha256:51243f1ed5161b9945011a7360e997729776f6e5d7005ba0c6879267d4c5139d",
                "sha256:5d512aafa1d32efa014fa041d38868fda85028e3f930a96f85d49c7d8ddc0383",
                "sha256:5f77cf66e96ae734717d341c145c5949c63180842a545c47a0ce7ae52ca83795",
                "sha256:6b02471b72526ab8a18c39cb7967b72d194ec53c1fd0a70b050565a0f366d355",
                "sha256:6fb1b30043271ec92dc65f6d9f0b7a830c210b8a96423074b15c7bc999975f57",
                "sha256:7161ec49ef0800947dc5570f86568a7bb36fa97dd09e9827dc02b718c5643f09",
                "sha256:72d622d262e463dfb7595202d229f5f3ab4b852289a1cd09650362db23b9eb0b",
                "sha256:74d28c17412d9caa1066f7a31df8403ec23d5268ba46cd0ad2c50fb82ae40462",
                "sha256:78618cdbccaa74d3f88d0ad6cb8ac3007f1a6fa5c6f19af64b55ca170bfa1edf",
                "sha256:793b4e24db2e8742ca6423d3fde8396db336698c55cd34b660663ee9e45ed37f",
                "sha256:798232c92e7665fe82ac085f9d8e8ca98826f8e27859d9a96b41d519ecd2e49a",
                "sha256:81d09caa7b27ef4e61cb7d8fbf1714f5aec1c6b6c5270ee53504981e6e9121ad",
                "sha256:8ab74c06ffdab957d7670c2a5a6e1a70181cd10b727cd788c4dd9005b6a8acd9",
                "sha256:8eb0908e954d093b02a543dc963984d6e99ad2b5e36503d8a0aaf040505f747d",
                "sha256:90b9e29824800e90c84e4022dd5cc16eb2d9605ee13f05d47641eb183cd73d45",
                "sha256:9797a6c8fe16f25749b371c02e2ade0efb51155e767a971c61734b1bf6293994",
                "sha256:9d2455fbf44c914840c793e89aa82d0e1763a14253a000743719ae5946814b2d",
                "sha256:9d3bea1c75f8c53ee4d505c3e67d8c158ad4df0d83170605b50b64025917f338",
                "sha256:9e2ec1e921fd07c7cda7962bad283acc2f2a9ccc1b971ee4b216b75fad6f0463",
                "sha256:9e91179a242bbc99be65e139e30690e081fe6cb91a8e77faf4c409653de39451",
                "sha256:a0eaa93d054751ee9964afa21c06247779b90440ca41d184aeb5d410f20ff591",
                "sha256:a2c405445c79c3f5a124573a051062300936b0281fee57637e706453e452746c",
                "sha256:aa7e402ce11f0885305bfb6afb3434b3cd8f53b563ac065452d9d5654c7b86fd",
                "sha256:aff76a55a8aa8364d25400a210a65ff59d0168e0b4285ba6bf2bd83cf675ba32",
                "sha256:b09b86b27a064c9624d0a6c54da01c1beaf5b6cadfa609cf63789b1d08a797b9",
                "sha256:b14f16f94cbc61215115b9b1236f9c18403c15dd3c52cf629072afa9d54c1cbf",
                "sha256:b50811d664d392f02f7761621303eba9d1b056fb1868c8cdf4231279645c25f5",
                "sha256:b7bc2176354defba3edc2b9a777744462da2f8e921fbaf61e52acb95bafa9828",
                "sha256:c78e1b00a87ce43bb37642c0812315b411e856a905d58d597750eb79802aaaa3",
                "sha256:c83341b89884e2b2e55886e8fbbf37c3fa5efd6c8907124aeb72f285ae5696e5",
                "sha256:ca2870d5d10d8726a27396d3ca4cf7976cec0f3cb706debe88e3a5bd4610f7d2",
                "sha256:ccce24b7ad89adb5a1e34a6ba96ac2530046763912806ad4c247356a8f33a67b",
                "sha256:cd5e14fbf22a87321b24c88669aad3a51ec052eb145315b3da3b7e3cc105b9a2",
                "sha256:ce49c67f4ea0609933d01c0731b34b8695a7a748d6c8d186f95e7d085d2fe475",
                "sha256:d33891be6df59d93df4d846640f0e46f1a807339f09e79a8040bc887bdcd7ed3",
                "sha256:d3b2348a78bc939b4fed6552abfd2e7988e0f81443ef3911a4b8498ca084f6eb",
                "sha256:d886f5d353333b4771d21267c7ecc75b710f1a73d72d03ca06df49b09015a9ef",
                "sha256:d93480005693d247f8346bc8ee28c72a2191bdf1f6b5db469c096c0c867ac015",
                "sha256:dc1a390a82755a8c26c9964d457d4c9cbec5405896cba94cf51f36ea0d855002",
                "sha256:dd78700f5788ae180b5ee8902c6aea5a5726bac7c364b202b4b3e3ba2d293170",
                "sha256:e46f38133e5a060d46bd630faa4d9fa0202377495df1f068a8299fd78c84de84",
                "sha256:e4b878386c4bf293578b48fc570b84ecfe477d3b77ba39a6e87150af77f40c57",
                "sha256:f0d0591a0aeaefdaf9a5e545e7485f89910c977087e7de2b6c388aec32011e9f",
                "sha256:fdcbb4068117dfd9ce0138d068ac512843c52295ed996ae6dd1faf537b6dbc27",
                "sha256:ff61bfd9253c3915e6d41c651d5f962da23eda633cf02262990094a18a55371a"
            ],
            "index": "pypi",
            "markers": "python_version >= '3.8'",
            "version": "==10.3.0"
        },
        "pyasn1": {
            "hashes": [
                "sha256:87a2121042a1ac9358cabcaf1d07680ff97ee6404333bacca15f76aa8ad01a57",
                "sha256:97b7290ca68e62a832558ec3976f15cbf911bf5d7c7039d8b861c2a0ece69fde"
            ],
            "markers": "python_version >= '2.7' and python_version not in '3.0, 3.1, 3.2, 3.3, 3.4, 3.5'",
            "version": "==0.5.0"
        },
        "pyasn1-modules": {
            "hashes": [
                "sha256:5bd01446b736eb9d31512a30d46c1ac3395d676c6f3cafa4c03eb54b9925631c",
                "sha256:d3ccd6ed470d9ffbc716be08bd90efbd44d0734bc9303818f7336070984a162d"
            ],
            "markers": "python_version >= '2.7' and python_version not in '3.0, 3.1, 3.2, 3.3, 3.4, 3.5'",
            "version": "==0.3.0"
        },
        "python-dateutil": {
            "hashes": [
                "sha256:0123cacc1627ae19ddf3c27a5de5bd67ee4586fbdd6440d9748f8abb483d3e86",
                "sha256:961d03dc3453ebbc59dbdea9e4e11c5651520a876d0f4db161e8674aae935da9"
            ],
            "markers": "python_version >= '2.7' and python_version not in '3.0, 3.1, 3.2, 3.3'",
            "version": "==2.8.2"
        },
        "pytz": {
            "hashes": [
                "sha256:1d8ce29db189191fb55338ee6d0387d82ab59f3d00eac103412d64e0ebd0c588",
                "sha256:a151b3abb88eda1d4e34a9814df37de2a80e301e68ba0fd856fb9b46bfbbbffb"
            ],
            "version": "==2023.3"
        },
        "rsa": {
            "hashes": [
                "sha256:90260d9058e514786967344d0ef75fa8727eed8a7d2e43ce9f4bcf1b536174f7",
                "sha256:e38464a49c6c85d7f1351b0126661487a7e0a14a50f1675ec50eb34d4f20ef21"
            ],
            "markers": "python_version >= '3.6' and python_version < '4'",
            "version": "==4.9"
        },
        "scikit-learn": {
            "hashes": [
                "sha256:065e9673e24e0dc5113e2dd2b4ca30c9d8aa2fa90f4c0597241c93b63130d233",
                "sha256:2dd3ffd3950e3d6c0c0ef9033a9b9b32d910c61bd06cb8206303fb4514b88a49",
                "sha256:2e2642baa0ad1e8f8188917423dd73994bf25429f8893ddbe115be3ca3183584",
                "sha256:44b47a305190c28dd8dd73fc9445f802b6ea716669cfc22ab1eb97b335d238b1",
                "sha256:6477eed40dbce190f9f9e9d0d37e020815825b300121307942ec2110302b66a3",
                "sha256:6fe83b676f407f00afa388dd1fdd49e5c6612e551ed84f3b1b182858f09e987d",
                "sha256:7d5312d9674bed14f73773d2acf15a3272639b981e60b72c9b190a0cffed5bad",
                "sha256:7f69313884e8eb311460cc2f28676d5e400bd929841a2c8eb8742ae78ebf7c20",
                "sha256:8156db41e1c39c69aa2d8599ab7577af53e9e5e7a57b0504e116cc73c39138dd",
                "sha256:8429aea30ec24e7a8c7ed8a3fa6213adf3814a6efbea09e16e0a0c71e1a1a3d7",
                "sha256:8b0670d4224a3c2d596fd572fb4fa673b2a0ccfb07152688ebd2ea0b8c61025c",
                "sha256:953236889928d104c2ef14027539f5f2609a47ebf716b8cbe4437e85dce42744",
                "sha256:99cc01184e347de485bf253d19fcb3b1a3fb0ee4cea5ee3c43ec0cc429b6d29f",
                "sha256:9c710ff9f9936ba8a3b74a455ccf0dcf59b230caa1e9ba0223773c490cab1e51",
                "sha256:ad66c3848c0a1ec13464b2a95d0a484fd5b02ce74268eaa7e0c697b904f31d6c",
                "sha256:bf036ea7ef66115e0d49655f16febfa547886deba20149555a41d28f56fd6d3c",
                "sha256:dfeaf8be72117eb61a164ea6fc8afb6dfe08c6f90365bde2dc16456e4bc8e45f",
                "sha256:e6e574db9914afcb4e11ade84fab084536a895ca60aadea3041e85b8ac963edb",
                "sha256:ea061bf0283bf9a9f36ea3c5d3231ba2176221bbd430abd2603b1c3b2ed85c89",
                "sha256:fe0aa1a7029ed3e1dcbf4a5bc675aa3b1bc468d9012ecf6c6f081251ca47f590",
                "sha256:fe175ee1dab589d2e1033657c5b6bec92a8a3b69103e3dd361b58014729975c3"
            ],
            "index": "pypi",
            "version": "==1.2.2"
        },
        "scipy": {
            "hashes": [
                "sha256:2c29bae479b17d85208dfdfc67e50d5944ee23211f236728aadde9b0b7c1c33e",
                "sha256:2e4f14c11fbf825319dbd7f467639a241e7c956c34edb1e036ec7bb6271e4f7b",
                "sha256:586608ea35206257d4e0ce6f154a6cfef71723b2c1f6d40de5e0b0e8a81cd2ff",
                "sha256:6302c7cba5bf99c901653ff158746625526cc438f058bce41514d7469b79b2c3",
                "sha256:6666a1e31b2123a077f0dc7ab1053e36479cfd457fb9f5c367e7198505c6607a",
                "sha256:684d44607eacd5dd367c7a9e76e922523fa9c0a7f2379a4d0fc4d70d751464cc",
                "sha256:7a92bd3cd4acad2e0e0b360176d5ec68b100983c8145add8a8233acddf4e5fcc",
                "sha256:80015b8928f91bd40377b2b1010ba2e09b03680cbfc291208740494aeb8debf2",
                "sha256:83867a63515c4e3fce3272d81200dda614d70f4c3a22f047d84021bfe83d7929",
                "sha256:894ced9a2cdb050ff5e392f274617af46dca896d5c9112fa4a2019929554d321",
                "sha256:a53f9cebcfda6158c241c35a559407a4ef6b8cb0863eb4144958fe0a0b7c3dae",
                "sha256:b269ed44e2e2e43611f2ae95ba551fd98abbdc1a7ea8268f72f75876982368c4",
                "sha256:c61ea63124da6a3cff38126426912cc86420898b4902a9bc5e5b6524547a6dcb",
                "sha256:ccc70892ea674f93183c5c4139557b611e42f644dd755da4b19ca974ab770672",
                "sha256:d8e631c3c49c24f30828580b8126fe3be5cca5409dad5b797418a5b8965eeafa",
                "sha256:ebf4b2ea26d50312731ddba2406389c5ddcbff9d777cf3277ea11decc81e5dfb",
                "sha256:f0c9c160d117fe71cd2a12ef21cce8e0475ade2fd97c761ef327b9839089bd16",
                "sha256:f9b0248cb9d08eead44cde47cbf6339f1e9aa0dfde28f5fb27950743e317bd5d",
                "sha256:fad4006248513528e0c496de295a9f4d2b65086cc0e388f748e7dbf49fa12760"
            ],
            "markers": "python_version < '3.13' and python_version >= '3.9'",
            "version": "==1.11.0"
        },
        "six": {
            "hashes": [
                "sha256:1e61c37477a1626458e36f7b1d82aa5c9b094fa4802892072e49de9c60c4c926",
                "sha256:8abb2f1d86890a2dfb989f9a77cfcfd3e47c2a354b01111771326f8aa26e0254"
            ],
            "markers": "python_version >= '2.7' and python_version not in '3.0, 3.1, 3.2, 3.3'",
            "version": "==1.16.0"
        },
        "soupsieve": {
            "hashes": [
                "sha256:1c1bfee6819544a3447586c889157365a27e10d88cde3ad3da0cf0ddf646feb8",
                "sha256:89d12b2d5dfcd2c9e8c22326da9d9aa9cb3dfab0a83a024f05704076ee8d35ea"
            ],
            "markers": "python_version >= '3.7'",
            "version": "==2.4.1"
        },
        "sqlparse": {
            "hashes": [
                "sha256:773dcbf9a5ab44a090f3441e2180efe2560220203dc2f8c0b0fa141e18b505e4",
                "sha256:bb6b4df465655ef332548e24f08e205afc81b9ab86cb1c45657a7ff173a3a00e"
            ],
            "markers": "python_version >= '3.8'",
            "version": "==0.5.1"
        },
        "threadpoolctl": {
            "hashes": [
                "sha256:8b99adda265feb6773280df41eece7b2e6561b772d21ffd52e372f999024907b",
                "sha256:a335baacfaa4400ae1f0d8e3a58d6674d2f8828e3716bb2802c44955ad391380"
            ],
            "markers": "python_version >= '3.6'",
            "version": "==3.1.0"
        },
        "tzdata": {
            "hashes": [
                "sha256:11ef1e08e54acb0d4f95bdb1be05da659673de4acbd21bf9c69e94cc5e907a3a",
                "sha256:7e65763eef3120314099b6939b5546db7adce1e7d6f2e179e3df563c70511eda"
            ],
            "markers": "sys_platform == 'win32'",
            "version": "==2023.3"
        },
        "urllib3": {
            "hashes": [
                "sha256:8d36afa7616d8ab714608411b4a3b13e58f463aee519024578e062e141dce20f",
                "sha256:8f135f6502756bde6b2a9b28989df5fbe87c9970cecaa69041edcce7f0589b14"
            ],
            "markers": "python_version >= '2.7' and python_version not in '3.0, 3.1, 3.2, 3.3, 3.4, 3.5'",
            "version": "==1.26.16"
        }
    },
    "develop": {}
}
